Microsoft Visual Studio Solution File, Format Version 12.00
# Visual Studio Version 17
VisualStudioVersion = 17.5.2.0
MinimumVisualStudioVersion = 10.0.40219.1
Project("{FAE04EC0-301F-11D3-BF4B-00C04F79EFBC}") = "USCodeTools", "USCodeTools.csproj", "{5936B5C3-7D90-4FEF-FBA3-C3E29CD4F40D}"
EndProject
Global
	GlobalSection(SolutionConfigurationPlatforms) = preSolution
		Debug|Any CPU = Debug|Any CPU
		Release|Any CPU = Release|Any CPU
	EndGlobalSection
	GlobalSection(ProjectConfigurationPlatforms) = postSolution
		{5936B5C3-7D90-4FEF-FBA3-C3E29CD4F40D}.Debug|Any CPU.ActiveCfg = Debug|Any CPU
		{5936B5C3-7D90-4FEF-FBA3-C3E29CD4F40D}.Debug|Any CPU.Build.0 = Debug|Any CPU
		{5936B5C3-7D90-4FEF-FBA3-C3E29CD4F40D}.Release|Any CPU.ActiveCfg = Release|Any CPU
		{5936B5C3-7D90-4FEF-FBA3-C3E29CD4F40D}.Release|Any CPU.Build.0 = Release|Any CPU
	EndGlobalSection
	GlobalSection(SolutionProperties) = preSolution
		HideSolutionNode = FALSE
	EndGlobalSection
	GlobalSection(ExtensibilityGlobals) = postSolution
		SolutionGuid = {7CFE9B5B-C7AF-4A9B-A962-0A2F93076274}
	EndGlobalSection
EndGlobal
